
Microsoft Visual Studio Solution File, Format Version 12.00
# Visual Studio Version 17
VisualStudioVersion = 17.5.002.0
MinimumVisualStudioVersion = 10.0.40219.1
Project("{9A19103F-16F7-4668-BE54-9A1E7A4F7556}") = "aula2902", "aula2902\aula2902.csproj", "{BA5785A3-9277-4E25-896B-20A459C9A084}"
EndProject
Project("{9A19103F-16F7-4668-BE54-9A1E7A4F7556}") = "proj_acad_academico", "proj_acad_academico\proj_acad_academico.csproj", "{B133E141-7DDB-4753-90AC-5B2C44FD4415}"
EndProject
Global
	GlobalSection(SolutionConfigurationPlatforms) = preSolution
		Debug|Any CPU = Debug|Any CPU
		Release|Any CPU = Release|Any CPU
	EndGlobalSection
	GlobalSection(ProjectConfigurationPlatforms) = postSolution
		{BA5785A3-9277-4E25-896B-20A459C9A084}.Debug|Any CPU.ActiveCfg = Debug|Any CPU
		{BA5785A3-9277-4E25-896B-20A459C9A084}.Debug|Any CPU.Build.0 = Debug|Any CPU
		{BA5785A3-9277-4E25-896B-20A459C9A084}.Release|Any CPU.ActiveCfg = Release|Any CPU
		{BA5785A3-9277-4E25-896B-20A459C9A084}.Release|Any CPU.Build.0 = Release|Any CPU
		{B133E141-7DDB-4753-90AC-5B2C44FD4415}.Debug|Any CPU.ActiveCfg = Debug|Any CPU
		{B133E141-7DDB-4753-90AC-5B2C44FD4415}.Debug|Any CPU.Build.0 = Debug|Any CPU
		{B133E141-7DDB-4753-90AC-5B2C44FD4415}.Release|Any CPU.ActiveCfg = Release|Any CPU
		{B133E141-7DDB-4753-90AC-5B2C44FD4415}.Release|Any CPU.Build.0 = Release|Any CPU
	EndGlobalSection
	GlobalSection(SolutionProperties) = preSolution
		HideSolutionNode = FALSE
	EndGlobalSection
	GlobalSection(ExtensibilityGlobals) = postSolution
		SolutionGuid = {C69C0190-13EE-496E-A328-CB2892D6D276}
	EndGlobalSection
EndGlobal
